
Microsoft Visual Studio Solution File, Format Version 12.00
# Visual Studio 15
VisualStudioVersion = 15.0.28307.705
MinimumVisualStudioVersion = 10.0.40219.1
Project("{2150E333-8FDC-42A3-9474-1A3956D46DE8}") = "Application", "Application", "{56E6529E-170E-4F41-AA95-5CF6F9A7B03E}"
EndProject
Project("{2150E333-8FDC-42A3-9474-1A3956D46DE8}") = "Domain", "Domain", "{B14E1F3A-09EB-4EEB-992D-8C89E9DD10DE}"
EndProject
Project("{2150E333-8FDC-42A3-9474-1A3956D46DE8}") = "Infra.IoC", "Infra.IoC", "{57C18B6B-23FB-495F-9BAE-F65402B01955}"
EndProject
Project("{2150E333-8FDC-42A3-9474-1A3956D46DE8}") = "Infra.Data", "Infra.Data", "{2C273A31-9FAE-4301-83DC-442D18AE7996}"
EndProject
Project("{2150E333-8FDC-42A3-9474-1A3956D46DE8}") = "Presentation", "Presentation", "{F5CC455A-F236-45C9-9C0A-2BFD21C0F5D1}"
EndProject
Project("{9A19103F-16F7-4668-BE54-9A1E7A4F7556}") = "CleanArch.Mvc", "CleanArch.Mvc\CleanArch.Mvc.csproj", "{7E844C64-6BC2-4C11-AE0C-E3EFDD65A300}"
EndProject
Project("{9A19103F-16F7-4668-BE54-9A1E7A4F7556}") = "CleanArch.Domain", "CleanArch.Domain\CleanArch.Domain.csproj", "{89DE8EBD-DF92-41F8-A93E-6E1E52F6188E}"
EndProject
Project("{9A19103F-16F7-4668-BE54-9A1E7A4F7556}") = "CleanArch.Infra.Data", "CleanArch.Infra.Data\CleanArch.Infra.Data.csproj", "{FF3FBF14-4601-4956-A249-71640D1BFB07}"
EndProject
Project("{9A19103F-16F7-4668-BE54-9A1E7A4F7556}") = "CleanArch.Application", "CleanArch.Application\CleanArch.Application.csproj", "{69A5FA46-51AD-4043-A9F3-49A828DEF746}"
EndProject
Project("{9A19103F-16F7-4668-BE54-9A1E7A4F7556}") = "CleanArch.Infra.IoC", "CleanArch.Infra.IoC\CleanArch.Infra.IoC.csproj", "{24CE4E05-EDA4-4B1D-9DD5-C19BF059C3CD}"
EndProject
Project("{2150E333-8FDC-42A3-9474-1A3956D46DE8}") = "Api", "Api", "{367DDB7D-D3F3-4EEF-8C73-3FD30ACED265}"
EndProject
Project("{9A19103F-16F7-4668-BE54-9A1E7A4F7556}") = "CleanArch.Domain.Services", "CleanArch.Domain.Core\CleanArch.Domain.Services.csproj", "{F20169DB-C43C-4843-AD2A-BF730F7D22FF}"
EndProject
Project("{9A19103F-16F7-4668-BE54-9A1E7A4F7556}") = "CleanArch.Api", "CleanArch.Api\CleanArch.Api.csproj", "{BC794953-B8D9-45C7-8E8E-3A6642936189}"
EndProject
Global
	GlobalSection(SolutionConfigurationPlatforms) = preSolution
		Debug|Any CPU = Debug|Any CPU
		Release|Any CPU = Release|Any CPU
	EndGlobalSection
	GlobalSection(ProjectConfigurationPlatforms) = postSolution
		{7E844C64-6BC2-4C11-AE0C-E3EFDD65A300}.Debug|Any CPU.ActiveCfg = Debug|Any CPU
		{7E844C64-6BC2-4C11-AE0C-E3EFDD65A300}.Debug|Any CPU.Build.0 = Debug|Any CPU
		{7E844C64-6BC2-4C11-AE0C-E3EFDD65A300}.Release|Any CPU.ActiveCfg = Release|Any CPU
		{7E844C64-6BC2-4C11-AE0C-E3EFDD65A300}.Release|Any CPU.Build.0 = Release|Any CPU
		{89DE8EBD-DF92-41F8-A93E-6E1E52F6188E}.Debug|Any CPU.ActiveCfg = Debug|Any CPU
		{89DE8EBD-DF92-41F8-A93E-6E1E52F6188E}.Debug|Any CPU.Build.0 = Debug|Any CPU
		{89DE8EBD-DF92-41F8-A93E-6E1E52F6188E}.Release|Any CPU.ActiveCfg = Release|Any CPU
		{89DE8EBD-DF92-41F8-A93E-6E1E52F6188E}.Release|Any CPU.Build.0 = Release|Any CPU
		{FF3FBF14-4601-4956-A249-71640D1BFB07}.Debug|Any CPU.ActiveCfg = Debug|Any CPU
		{FF3FBF14-4601-4956-A249-71640D1BFB07}.Debug|Any CPU.Build.0 = Debug|Any CPU
		{FF3FBF14-4601-4956-A249-71640D1BFB07}.Release|Any CPU.ActiveCfg = Release|Any CPU
		{FF3FBF14-4601-4956-A249-71640D1BFB07}.Release|Any CPU.Build.0 = Release|Any CPU
		{69A5FA46-51AD-4043-A9F3-49A828DEF746}.Debug|Any CPU.ActiveCfg = Debug|Any CPU
		{69A5FA46-51AD-4043-A9F3-49A828DEF746}.Debug|Any CPU.Build.0 = Debug|Any CPU
		{69A5FA46-51AD-4043-A9F3-49A828DEF746}.Release|Any CPU.ActiveCfg = Release|Any CPU
		{69A5FA46-51AD-4043-A9F3-49A828DEF746}.Release|Any CPU.Build.0 = Release|Any CPU
		{24CE4E05-EDA4-4B1D-9DD5-C19BF059C3CD}.Debug|Any CPU.ActiveCfg = Debug|Any CPU
		{24CE4E05-EDA4-4B1D-9DD5-C19BF059C3CD}.Debug|Any CPU.Build.0 = Debug|Any CPU
		{24CE4E05-EDA4-4B1D-9DD5-C19BF059C3CD}.Release|Any CPU.ActiveCfg = Release|Any CPU
		{24CE4E05-EDA4-4B1D-9DD5-C19BF059C3CD}.Release|Any CPU.Build.0 = Release|Any CPU
		{F20169DB-C43C-4843-AD2A-BF730F7D22FF}.Debug|Any CPU.ActiveCfg = Debug|Any CPU
		{F20169DB-C43C-4843-AD2A-BF730F7D22FF}.Debug|Any CPU.Build.0 = Debug|Any CPU
		{F20169DB-C43C-4843-AD2A-BF730F7D22FF}.Release|Any CPU.ActiveCfg = Release|Any CPU
		{F20169DB-C43C-4843-AD2A-BF730F7D22FF}.Release|Any CPU.Build.0 = Release|Any CPU
		{BC794953-B8D9-45C7-8E8E-3A6642936189}.Debug|Any CPU.ActiveCfg = Debug|Any CPU
		{BC794953-B8D9-45C7-8E8E-3A6642936189}.Debug|Any CPU.Build.0 = Debug|Any CPU
		{BC794953-B8D9-45C7-8E8E-3A6642936189}.Release|Any CPU.ActiveCfg = Release|Any CPU
		{BC794953-B8D9-45C7-8E8E-3A6642936189}.Release|Any CPU.Build.0 = Release|Any CPU
	EndGlobalSection
	GlobalSection(SolutionProperties) = preSolution
		HideSolutionNode = FALSE
	EndGlobalSection
	GlobalSection(NestedProjects) = preSolution
		{7E844C64-6BC2-4C11-AE0C-E3EFDD65A300} = {F5CC455A-F236-45C9-9C0A-2BFD21C0F5D1}
		{89DE8EBD-DF92-41F8-A93E-6E1E52F6188E} = {B14E1F3A-09EB-4EEB-992D-8C89E9DD10DE}
		{FF3FBF14-4601-4956-A249-71640D1BFB07} = {2C273A31-9FAE-4301-83DC-442D18AE7996}
		{69A5FA46-51AD-4043-A9F3-49A828DEF746} = {56E6529E-170E-4F41-AA95-5CF6F9A7B03E}
		{24CE4E05-EDA4-4B1D-9DD5-C19BF059C3CD} = {57C18B6B-23FB-495F-9BAE-F65402B01955}
		{F20169DB-C43C-4843-AD2A-BF730F7D22FF} = {B14E1F3A-09EB-4EEB-992D-8C89E9DD10DE}
		{BC794953-B8D9-45C7-8E8E-3A6642936189} = {367DDB7D-D3F3-4EEF-8C73-3FD30ACED265}
	EndGlobalSection
	GlobalSection(ExtensibilityGlobals) = postSolution
		SolutionGuid = {8C67A2D5-20BD-4A65-A91E-0E456DA85809}
	EndGlobalSection
EndGlobal
