
Microsoft Visual Studio Solution File, Format Version 12.00
# Visual Studio 15
VisualStudioVersion = 15.0.28307.705
MinimumVisualStudioVersion = 10.0.40219.1
Project("{2150E333-8FDC-42A3-9474-1A3956D46DE8}") = "Application", "Application", "{56E6529E-170E-4F41-AA95-5CF6F9A7B03E}"
EndProject
Project("{2150E333-8FDC-42A3-9474-1A3956D46DE8}") = "Domain", "Domain", "{B14E1F3A-09EB-4EEB-992D-8C89E9DD10DE}"
EndProject
Project("{2150E333-8FDC-42A3-9474-1A3956D46DE8}") = "Infra.IoC", "Infra.IoC", "{57C18B6B-23FB-495F-9BAE-F65402B01955}"
EndProject
Project("{2150E333-8FDC-42A3-9474-1A3956D46DE8}") = "Infra.Data", "Infra.Data", "{2C273A31-9FAE-4301-83DC-442D18AE7996}"
EndProject
Project("{2150E333-8FDC-42A3-9474-1A3956D46DE8}") = "Presentation", "Presentation", "{F5CC455A-F236-45C9-9C0A-2BFD21C0F5D1}"
EndProject
Project("{FAE04EC0-301F-11D3-BF4B-00C04F79EFBC}") = "CleanArch.Mvc", "CleanArch.Mvc\CleanArch.Mvc.csproj", "{7E844C64-6BC2-4C11-AE0C-E3EFDD65A300}"
EndProject
Project("{FAE04EC0-301F-11D3-BF4B-00C04F79EFBC}") = "CleanArch.Domain", "CleanArch.Domain\CleanArch.Domain.csproj", "{89DE8EBD-DF92-41F8-A93E-6E1E52F6188E}"
EndProject
Global
	GlobalSection(SolutionConfigurationPlatforms) = preSolution
		Debug|Any CPU = Debug|Any CPU
		Release|Any CPU = Release|Any CPU
	EndGlobalSection
	GlobalSection(ProjectConfigurationPlatforms) = postSolution
		{7E844C64-6BC2-4C11-AE0C-E3EFDD65A300}.Debug|Any CPU.ActiveCfg = Debug|Any CPU
		{7E844C64-6BC2-4C11-AE0C-E3EFDD65A300}.Debug|Any CPU.Build.0 = Debug|Any CPU
		{7E844C64-6BC2-4C11-AE0C-E3EFDD65A300}.Release|Any CPU.ActiveCfg = Release|Any CPU
		{7E844C64-6BC2-4C11-AE0C-E3EFDD65A300}.Release|Any CPU.Build.0 = Release|Any CPU
		{89DE8EBD-DF92-41F8-A93E-6E1E52F6188E}.Debug|Any CPU.ActiveCfg = Debug|Any CPU
		{89DE8EBD-DF92-41F8-A93E-6E1E52F6188E}.Debug|Any CPU.Build.0 = Debug|Any CPU
		{89DE8EBD-DF92-41F8-A93E-6E1E52F6188E}.Release|Any CPU.ActiveCfg = Release|Any CPU
		{89DE8EBD-DF92-41F8-A93E-6E1E52F6188E}.Release|Any CPU.Build.0 = Release|Any CPU
	EndGlobalSection
	GlobalSection(SolutionProperties) = preSolution
		HideSolutionNode = FALSE
	EndGlobalSection
	GlobalSection(NestedProjects) = preSolution
		{7E844C64-6BC2-4C11-AE0C-E3EFDD65A300} = {F5CC455A-F236-45C9-9C0A-2BFD21C0F5D1}
		{89DE8EBD-DF92-41F8-A93E-6E1E52F6188E} = {B14E1F3A-09EB-4EEB-992D-8C89E9DD10DE}
	EndGlobalSection
	GlobalSection(ExtensibilityGlobals) = postSolution
		SolutionGuid = {8C67A2D5-20BD-4A65-A91E-0E456DA85809}
	EndGlobalSection
EndGlobal
